
Microsoft Visual Studio Solution File, Format Version 12.00
# Visual Studio Version 17
VisualStudioVersion = 17.4.33403.182
MinimumVisualStudioVersion = 10.0.40219.1
Project("{FAE04EC0-301F-11D3-BF4B-00C04F79EFBC}") = "ProjetFinal", "ProjetFinal\ProjetFinal.csproj", "{73D5EFAA-0F8D-4855-A368-C5DC88D55191}"
EndProject
Global
	GlobalSection(SolutionConfigurationPlatforms) = preSolution
		Debug|Any CPU = Debug|Any CPU
		Release|Any CPU = Release|Any CPU
	EndGlobalSection
	GlobalSection(ProjectConfigurationPlatforms) = postSolution
		{73D5EFAA-0F8D-4855-A368-C5DC88D55191}.Debug|Any CPU.ActiveCfg = Debug|Any CPU
		{73D5EFAA-0F8D-4855-A368-C5DC88D55191}.Debug|Any CPU.Build.0 = Debug|Any CPU
		{73D5EFAA-0F8D-4855-A368-C5DC88D55191}.Release|Any CPU.ActiveCfg = Release|Any CPU
		{73D5EFAA-0F8D-4855-A368-C5DC88D55191}.Release|Any CPU.Build.0 = Release|Any CPU
	EndGlobalSection
	GlobalSection(SolutionProperties) = preSolution
		HideSolutionNode = FALSE
	EndGlobalSection
	GlobalSection(ExtensibilityGlobals) = postSolution
		SolutionGuid = {8640F7F8-F83E-4DD7-AFBA-E873084F0831}
	EndGlobalSection
EndGlobal
